
Microsoft Visual Studio Solution File, Format Version 12.00
# Visual Studio Version 17
VisualStudioVersion = 17.14.36804.6 d17.14
MinimumVisualStudioVersion = 10.0.40219.1
Project("{FAE04EC0-301F-11D3-BF4B-00C04F79EFBC}") = "Core", "Core\Core.csproj", "{13E057CA-CEBD-482C-AD61-8889D5B8423A}"
EndProject
Global
	GlobalSection(SolutionConfigurationPlatforms) = preSolution
		Debug|Any CPU = Debug|Any CPU
		Release|Any CPU = Release|Any CPU
	EndGlobalSection
	GlobalSection(ProjectConfigurationPlatforms) = postSolution
		{13E057CA-CEBD-482C-AD61-8889D5B8423A}.Debug|Any CPU.ActiveCfg = Debug|Any CPU
		{13E057CA-CEBD-482C-AD61-8889D5B8423A}.Debug|Any CPU.Build.0 = Debug|Any CPU
		{13E057CA-CEBD-482C-AD61-8889D5B8423A}.Release|Any CPU.ActiveCfg = Release|Any CPU
		{13E057CA-CEBD-482C-AD61-8889D5B8423A}.Release|Any CPU.Build.0 = Release|Any CPU
	EndGlobalSection
	GlobalSection(SolutionProperties) = preSolution
		HideSolutionNode = FALSE
	EndGlobalSection
	GlobalSection(ExtensibilityGlobals) = postSolution
		SolutionGuid = {426430F3-DD4B-4D18-988D-F1BF1C71E9B8}
	EndGlobalSection
EndGlobal
