
Microsoft Visual Studio Solution File, Format Version 12.00
# Visual Studio Version 17
VisualStudioVersion = 17.14.36804.6
MinimumVisualStudioVersion = 10.0.40219.1
Project("{2150E333-8FDC-42A3-9474-1A3956D46DE8}") = "tests", "tests", "{02EA681E-C7D8-13C7-8484-4AC65E1B71E8}"
EndProject
Project("{2150E333-8FDC-42A3-9474-1A3956D46DE8}") = "integration-tests", "integration-tests", "{96CF2398-41EA-47C7-850F-58E85A9F0278}"
EndProject
Project("{2150E333-8FDC-42A3-9474-1A3956D46DE8}") = "unit-tests", "unit-tests", "{68EB8D92-ACE3-4D73-916C-C35D21F1E787}"
EndProject
Project("{FAE04EC0-301F-11D3-BF4B-00C04F79EFBC}") = "ConferenceBooking.IntegrationTests", "tests\integration-tests\ConferenceBooking.IntegrationTests\ConferenceBooking.IntegrationTests.csproj", "{0FF84799-9384-C243-BA34-EC6DD10560FF}"
EndProject
Project("{FAE04EC0-301F-11D3-BF4B-00C04F79EFBC}") = "ConferenceBooking.DataTests", "tests\unit-tests\ConferenceBooking.DataTests\ConferenceBooking.DataTests.csproj", "{7988EBC1-9C41-932A-7C2A-2D790A884A20}"
EndProject
Project("{FAE04EC0-301F-11D3-BF4B-00C04F79EFBC}") = "ConferenceBooking.ServicesTests", "tests\unit-tests\ConferenceBooking.ServicesTests\ConferenceBooking.ServicesTests.csproj", "{64D95F6B-9E00-4BC1-E31B-A9C2B4F40009}"
EndProject
Project("{2150E333-8FDC-42A3-9474-1A3956D46DE8}") = "src", "src", "{62E483FA-E5B6-40A5-9DB2-3E4A1A236B47}"
EndProject
Project("{2150E333-8FDC-42A3-9474-1A3956D46DE8}") = "docs", "docs", "{11295F6F-BFAD-439E-BEA3-C3E83E3FFB01}"
EndProject
Project("{FAE04EC0-301F-11D3-BF4B-00C04F79EFBC}") = "ConferenceBooking.Core", "src\ConferenceBooking.Core\ConferenceBooking.Core.csproj", "{98E0E377-011B-4ADE-012A-5AC5DAF34269}"
EndProject
Project("{FAE04EC0-301F-11D3-BF4B-00C04F79EFBC}") = "ConferenceBooking.Data", "src\ConferenceBooking.Data\ConferenceBooking.Data.csproj", "{7758C209-5400-5E34-A7DD-9C0E83AFB3EF}"
EndProject
Project("{FAE04EC0-301F-11D3-BF4B-00C04F79EFBC}") = "ConferenceBooking.Services", "src\ConferenceBooking.Services\ConferenceBooking.Services.csproj", "{CF15AE6A-D91F-4C91-892D-600955560853}"
EndProject
Project("{FAE04EC0-301F-11D3-BF4B-00C04F79EFBC}") = "ConferenceBooking.WebApi", "src\ConferenceBooking.WebApi\ConferenceBooking.WebApi.csproj", "{1D7844D0-DA3B-4FE5-06E4-3663251B3E04}"
EndProject
Project("{FAE04EC0-301F-11D3-BF4B-00C04F79EFBC}") = "ConferenceBooking.Documentation", "docs\ConferenceBooking.Documentation\ConferenceBooking.Documentation.csproj", "{724249B2-C604-1135-3F7A-B47DBA9341F2}"
EndProject
Project("{FAE04EC0-301F-11D3-BF4B-00C04F79EFBC}") = "ConferenceBooking.ConsoleUI", "src\ConferenceBooking.ConsoleUI\ConferenceBooking.ConsoleUI.csproj", "{0C7A9421-33BE-A5AD-3B1F-0C7C026FDABC}"
EndProject
Global
	GlobalSection(SolutionConfigurationPlatforms) = preSolution
		Debug|Any CPU = Debug|Any CPU
		Release|Any CPU = Release|Any CPU
	EndGlobalSection
	GlobalSection(ProjectConfigurationPlatforms) = postSolution
		{0FF84799-9384-C243-BA34-EC6DD10560FF}.Debug|Any CPU.ActiveCfg = Debug|Any CPU
		{0FF84799-9384-C243-BA34-EC6DD10560FF}.Debug|Any CPU.Build.0 = Debug|Any CPU
		{0FF84799-9384-C243-BA34-EC6DD10560FF}.Release|Any CPU.ActiveCfg = Release|Any CPU
		{0FF84799-9384-C243-BA34-EC6DD10560FF}.Release|Any CPU.Build.0 = Release|Any CPU
		{7988EBC1-9C41-932A-7C2A-2D790A884A20}.Debug|Any CPU.ActiveCfg = Debug|Any CPU
		{7988EBC1-9C41-932A-7C2A-2D790A884A20}.Debug|Any CPU.Build.0 = Debug|Any CPU
		{7988EBC1-9C41-932A-7C2A-2D790A884A20}.Release|Any CPU.ActiveCfg = Release|Any CPU
		{7988EBC1-9C41-932A-7C2A-2D790A884A20}.Release|Any CPU.Build.0 = Release|Any CPU
		{64D95F6B-9E00-4BC1-E31B-A9C2B4F40009}.Debug|Any CPU.ActiveCfg = Debug|Any CPU
		{64D95F6B-9E00-4BC1-E31B-A9C2B4F40009}.Debug|Any CPU.Build.0 = Debug|Any CPU
		{64D95F6B-9E00-4BC1-E31B-A9C2B4F40009}.Release|Any CPU.ActiveCfg = Release|Any CPU
		{64D95F6B-9E00-4BC1-E31B-A9C2B4F40009}.Release|Any CPU.Build.0 = Release|Any CPU
		{98E0E377-011B-4ADE-012A-5AC5DAF34269}.Debug|Any CPU.ActiveCfg = Debug|Any CPU
		{98E0E377-011B-4ADE-012A-5AC5DAF34269}.Debug|Any CPU.Build.0 = Debug|Any CPU
		{98E0E377-011B-4ADE-012A-5AC5DAF34269}.Release|Any CPU.ActiveCfg = Release|Any CPU
		{98E0E377-011B-4ADE-012A-5AC5DAF34269}.Release|Any CPU.Build.0 = Release|Any CPU
		{7758C209-5400-5E34-A7DD-9C0E83AFB3EF}.Debug|Any CPU.ActiveCfg = Debug|Any CPU
		{7758C209-5400-5E34-A7DD-9C0E83AFB3EF}.Debug|Any CPU.Build.0 = Debug|Any CPU
		{7758C209-5400-5E34-A7DD-9C0E83AFB3EF}.Release|Any CPU.ActiveCfg = Release|Any CPU
		{7758C209-5400-5E34-A7DD-9C0E83AFB3EF}.Release|Any CPU.Build.0 = Release|Any CPU
		{CF15AE6A-D91F-4C91-892D-600955560853}.Debug|Any CPU.ActiveCfg = Debug|Any CPU
		{CF15AE6A-D91F-4C91-892D-600955560853}.Debug|Any CPU.Build.0 = Debug|Any CPU
		{CF15AE6A-D91F-4C91-892D-600955560853}.Release|Any CPU.ActiveCfg = Release|Any CPU
		{CF15AE6A-D91F-4C91-892D-600955560853}.Release|Any CPU.Build.0 = Release|Any CPU
		{1D7844D0-DA3B-4FE5-06E4-3663251B3E04}.Debug|Any CPU.ActiveCfg = Debug|Any CPU
		{1D7844D0-DA3B-4FE5-06E4-3663251B3E04}.Debug|Any CPU.Build.0 = Debug|Any CPU
		{1D7844D0-DA3B-4FE5-06E4-3663251B3E04}.Release|Any CPU.ActiveCfg = Release|Any CPU
		{1D7844D0-DA3B-4FE5-06E4-3663251B3E04}.Release|Any CPU.Build.0 = Release|Any CPU
		{724249B2-C604-1135-3F7A-B47DBA9341F2}.Debug|Any CPU.ActiveCfg = Debug|Any CPU
		{724249B2-C604-1135-3F7A-B47DBA9341F2}.Debug|Any CPU.Build.0 = Debug|Any CPU
		{724249B2-C604-1135-3F7A-B47DBA9341F2}.Release|Any CPU.ActiveCfg = Release|Any CPU
		{724249B2-C604-1135-3F7A-B47DBA9341F2}.Release|Any CPU.Build.0 = Release|Any CPU
		{0C7A9421-33BE-A5AD-3B1F-0C7C026FDABC}.Debug|Any CPU.ActiveCfg = Debug|Any CPU
		{0C7A9421-33BE-A5AD-3B1F-0C7C026FDABC}.Debug|Any CPU.Build.0 = Debug|Any CPU
		{0C7A9421-33BE-A5AD-3B1F-0C7C026FDABC}.Release|Any CPU.ActiveCfg = Release|Any CPU
		{0C7A9421-33BE-A5AD-3B1F-0C7C026FDABC}.Release|Any CPU.Build.0 = Release|Any CPU
	EndGlobalSection
	GlobalSection(SolutionProperties) = preSolution
		HideSolutionNode = FALSE
	EndGlobalSection
	GlobalSection(NestedProjects) = preSolution
		{96CF2398-41EA-47C7-850F-58E85A9F0278} = {02EA681E-C7D8-13C7-8484-4AC65E1B71E8}
		{68EB8D92-ACE3-4D73-916C-C35D21F1E787} = {02EA681E-C7D8-13C7-8484-4AC65E1B71E8}
		{0FF84799-9384-C243-BA34-EC6DD10560FF} = {96CF2398-41EA-47C7-850F-58E85A9F0278}
		{7988EBC1-9C41-932A-7C2A-2D790A884A20} = {68EB8D92-ACE3-4D73-916C-C35D21F1E787}
		{64D95F6B-9E00-4BC1-E31B-A9C2B4F40009} = {68EB8D92-ACE3-4D73-916C-C35D21F1E787}
		{98E0E377-011B-4ADE-012A-5AC5DAF34269} = {62E483FA-E5B6-40A5-9DB2-3E4A1A236B47}
		{7758C209-5400-5E34-A7DD-9C0E83AFB3EF} = {62E483FA-E5B6-40A5-9DB2-3E4A1A236B47}
		{CF15AE6A-D91F-4C91-892D-600955560853} = {62E483FA-E5B6-40A5-9DB2-3E4A1A236B47}
		{1D7844D0-DA3B-4FE5-06E4-3663251B3E04} = {62E483FA-E5B6-40A5-9DB2-3E4A1A236B47}
		{724249B2-C604-1135-3F7A-B47DBA9341F2} = {11295F6F-BFAD-439E-BEA3-C3E83E3FFB01}
		{0C7A9421-33BE-A5AD-3B1F-0C7C026FDABC} = {62E483FA-E5B6-40A5-9DB2-3E4A1A236B47}
	EndGlobalSection
	GlobalSection(ExtensibilityGlobals) = postSolution
		SolutionGuid = {426430F3-DD4B-4D18-988D-F1BF1C71E9B8}
	EndGlobalSection
EndGlobal
